// !$*UTF8*$!
{
	archiveVersion = 1;
	classes = {
	};
	objectVersion = 50;
	objects = {

/* Begin PBXBuildFile section */
		B623EDAB210811010003E359 /* AppDelegate.m in Sources */ = {isa = PBXBuildFile; fileRef = B623EDAA210811010003E359 /* AppDelegate.m */; };
		B623EDB1210811010003E359 /* Main.storyboard in Resources */ = {isa = PBXBuildFile; fileRef = B623EDAF210811010003E359 /* Main.storyboard */; };
		B623EDB3210811020003E359 /* Assets.xcassets in Resources */ = {isa = PBXBuildFile; fileRef = B623EDB2210811020003E359 /* Assets.xcassets */; };
		B623EDB6210811020003E359 /* LaunchScreen.storyboard in Resources */ = {isa = PBXBuildFile; fileRef = B623EDB4210811020003E359 /* LaunchScreen.storyboard */; };
		B623EDB9210811020003E359 /* main.m in Sources */ = {isa = PBXBuildFile; fileRef = B623EDB8210811020003E359 /* main.m */; };
		B623EDC72108156F0003E359 /* ZMFMovie.m in Sources */ = {isa = PBXBuildFile; fileRef = B623EDC62108156F0003E359 /* ZMFMovie.m */; };
		B623EDCA210819170003E359 /* ZMFMovieController.m in Sources */ = {isa = PBXBuildFile; fileRef = B623EDC9210819170003E359 /* ZMFMovieController.m */; };
/* End PBXBuildFile section */

/* Begin PBXFileReference section */
		B623EDA6210811010003E359 /* MovieSearchC.app */ = {isa = PBXFileReference; explicitFileType = wrapper.application; includeInIndex = 0; path = MovieSearchC.app; sourceTree = BUILT_PRODUCTS_DIR; };
		B623EDA9210811010003E359 /* AppDelegate.h */ = {isa = PBXFileReference; lastKnownFileType = sourcecode.c.h; path = AppDelegate.h; sourceTree = "<group>"; };
		B623EDAA210811010003E359 /* AppDelegate.m */ = {isa = PBXFileReference; lastKnownFileType = sourcecode.c.objc; path = AppDelegate.m; sourceTree = "<group>"; };
		B623EDB0210811010003E359 /* Base */ = {isa = PBXFileReference; lastKnownFileType = file.storyboard; name = Base; path = Base.lproj/Main.storyboard; sourceTree = "<group>"; };
		B623EDB2210811020003E359 /* Assets.xcassets */ = {isa = PBXFileReference; lastKnownFileType = folder.assetcatalog; path = Assets.xcassets; sourceTree = "<group>"; };
		B623EDB5210811020003E359 /* Base */ = {isa = PBXFileReference; lastKnownFileType = file.storyboard; name = Base; path = Base.lproj/LaunchScreen.storyboard; sourceTree = "<group>"; };
		B623EDB7210811020003E359 /* Info.plist */ = {isa = PBXFileReference; lastKnownFileType = text.plist.xml; path = Info.plist; sourceTree = "<group>"; };
		B623EDB8210811020003E359 /* main.m */ = {isa = PBXFileReference; lastKnownFileType = sourcecode.c.objc; path = main.m; sourceTree = "<group>"; };
		B623EDC52108156F0003E359 /* ZMFMovie.h */ = {isa = PBXFileReference; lastKnownFileType = sourcecode.c.h; path = ZMFMovie.h; sourceTree = "<group>"; };
		B623EDC62108156F0003E359 /* ZMFMovie.m */ = {isa = PBXFileReference; lastKnownFileType = sourcecode.c.objc; path = ZMFMovie.m; sourceTree = "<group>"; };
		B623EDC8210819170003E359 /* ZMFMovieController.h */ = {isa = PBXFileReference; lastKnownFileType = sourcecode.c.h; path = ZMFMovieController.h; sourceTree = "<group>"; };
		B623EDC9210819170003E359 /* ZMFMovieController.m */ = {isa = PBXFileReference; lastKnownFileType = sourcecode.c.objc; path = ZMFMovieController.m; sourceTree = "<group>"; };
/* End PBXFileReference section */

/* Begin PBXFrameworksBuildPhase section */
		B623EDA3210811010003E359 /* Frameworks */ = {
			isa = PBXFrameworksBuildPhase;
			buildActionMask = 2147483647;
			files = (
			);
			runOnlyForDeploymentPostprocessing = 0;
		};
/* End PBXFrameworksBuildPhase section */

/* Begin PBXGroup section */
		B623ED9D210811010003E359 = {
			isa = PBXGroup;
			children = (
				B623EDA8210811010003E359 /* MovieSearchC */,
				B623EDA7210811010003E359 /* Products */,
			);
			sourceTree = "<group>";
		};
		B623EDA7210811010003E359 /* Products */ = {
			isa = PBXGroup;
			children = (
				B623EDA6210811010003E359 /* MovieSearchC.app */,
			);
			name = Products;
			sourceTree = "<group>";
		};
		B623EDA8210811010003E359 /* MovieSearchC */ = {
			isa = PBXGroup;
			children = (
				B623EDC32108111C0003E359 /* Models */,
				B623EDC2210811180003E359 /* Views */,
				B623EDBF210811080003E359 /* Controllers */,
				B623EDC4210811250003E359 /* Resources */,
			);
			path = MovieSearchC;
			sourceTree = "<group>";
		};
		B623EDBF210811080003E359 /* Controllers */ = {
			isa = PBXGroup;
			children = (
				B623EDC1210811130003E359 /* ModelControllers */,
				B623EDC02108110D0003E359 /* ViewControllers */,
			);
			path = Controllers;
			sourceTree = "<group>";
		};
		B623EDC02108110D0003E359 /* ViewControllers */ = {
			isa = PBXGroup;
			children = (
			);
			path = ViewControllers;
			sourceTree = "<group>";
		};
		B623EDC1210811130003E359 /* ModelControllers */ = {
			isa = PBXGroup;
			children = (
				B623EDC8210819170003E359 /* ZMFMovieController.h */,
				B623EDC9210819170003E359 /* ZMFMovieController.m */,
			);
			path = ModelControllers;
			sourceTree = "<group>";
		};
		B623EDC2210811180003E359 /* Views */ = {
			isa = PBXGroup;
			children = (
				B623EDAF210811010003E359 /* Main.storyboard */,
			);
			path = Views;
			sourceTree = "<group>";
		};
		B623EDC32108111C0003E359 /* Models */ = {
			isa = PBXGroup;
			children = (
				B623EDC52108156F0003E359 /* ZMFMovie.h */,
				B623EDC62108156F0003E359 /* ZMFMovie.m */,
			);
			path = Models;
			sourceTree = "<group>";
		};
		B623EDC4210811250003E359 /* Resources */ = {
			isa = PBXGroup;
			children = (
				B623EDA9210811010003E359 /* AppDelegate.h */,
				B623EDAA210811010003E359 /* AppDelegate.m */,
				B623EDB2210811020003E359 /* Assets.xcassets */,
				B623EDB4210811020003E359 /* LaunchScreen.storyboard */,
				B623EDB7210811020003E359 /* Info.plist */,
				B623EDB8210811020003E359 /* main.m */,
			);
			path = Resources;
			sourceTree = "<group>";
		};
/* End PBXGroup section */

/* Begin PBXNativeTarget section */
		B623EDA5210811010003E359 /* MovieSearchC */ = {
			isa = PBXNativeTarget;
			buildConfigurationList = B623EDBC210811020003E359 /* Build configuration list for PBXNativeTarget "MovieSearchC" */;
			buildPhases = (
				B623EDA2210811010003E359 /* Sources */,
				B623EDA3210811010003E359 /* Frameworks */,
				B623EDA4210811010003E359 /* Resources */,
			);
			buildRules = (
			);
			dependencies = (
			);
			name = MovieSearchC;
			productName = MovieSearchC;
			productReference = B623EDA6210811010003E359 /* MovieSearchC.app */;
			productType = "com.apple.product-type.application";
		};
/* End PBXNativeTarget section */

/* Begin PBXProject section */
		B623ED9E210811010003E359 /* Project object */ = {
			isa = PBXProject;
			attributes = {
				CLASSPREFIX = ZMF;
				LastUpgradeCheck = 0940;
				ORGANIZATIONNAME = "Zachary Frew";
				TargetAttributes = {
					B623EDA5210811010003E359 = {
						CreatedOnToolsVersion = 9.4.1;
					};
				};
			};
			buildConfigurationList = B623EDA1210811010003E359 /* Build configuration list for PBXProject "MovieSearchC" */;
			compatibilityVersion = "Xcode 9.3";
			developmentRegion = en;
			hasScannedForEncodings = 0;
			knownRegions = (
				en,
				Base,
			);
			mainGroup = B623ED9D210811010003E359;
			productRefGroup = B623EDA7210811010003E359 /* Products */;
			projectDirPath = "";
			projectRoot = "";
			targets = (
				B623EDA5210811010003E359 /* MovieSearchC */,
			);
		};
/* End PBXProject section */

/* Begin PBXResourcesBuildPhase section */
		B623EDA4210811010003E359 /* Resources */ = {
			isa = PBXResourcesBuildPhase;
			buildActionMask = 2147483647;
			files = (
				B623EDB6210811020003E359 /* LaunchScreen.storyboard in Resources */,
				B623EDB3210811020003E359 /* Assets.xcassets in Resources */,
				B623EDB1210811010003E359 /* Main.storyboard in Resources */,
			);
			runOnlyForDeploymentPostprocessing = 0;
		};
/* End PBXResourcesBuildPhase section */

/* Begin PBXSourcesBuildPhase section */
		B623EDA2210811010003E359 /* Sources */ = {
			isa = PBXSourcesBuildPhase;
			buildActionMask = 2147483647;
			files = (
				B623EDCA210819170003E359 /* ZMFMovieController.m in Sources */,
				B623EDC72108156F0003E359 /* ZMFMovie.m in Sources */,
				B623EDB9210811020003E359 /* main.m in Sources */,
				B623EDAB210811010003E359 /* AppDelegate.m in Sources */,
			);
			runOnlyForDeploymentPostprocessing = 0;
		};
/* End PBXSourcesBuildPhase section */

/* Begin PBXVariantGroup section */
		B623EDAF210811010003E359 /* Main.storyboard */ = {
			isa = PBXVariantGroup;
			children = (
				B623EDB0210811010003E359 /* Base */,
			);
			name = Main.storyboard;
			sourceTree = "<group>";
		};
		B623EDB4210811020003E359 /* LaunchScreen.storyboard */ = {
			isa = PBXVariantGroup;
			children = (
				B623EDB5210811020003E359 /* Base */,
			);
			name = LaunchScreen.storyboard;
			sourceTree = "<group>";
		};
/* End PBXVariantGroup section */

/* Begin XCBuildConfiguration section */
		B623EDBA210811020003E359 /* Debug */ = {
			isa = XCBuildConfiguration;
			buildSettings = {
				ALWAYS_SEARCH_USER_PATHS = NO;
				CLANG_ANALYZER_NONNULL = YES;
				CLANG_ANALYZER_NUMBER_OBJECT_CONVERSION = YES_AGGRESSIVE;
				CLANG_CXX_LANGUAGE_STANDARD = "gnu++14";
				CLANG_CXX_LIBRARY = "libc++";
				CLANG_ENABLE_MODULES = YES;
				CLANG_ENABLE_OBJC_ARC = YES;
				CLANG_ENABLE_OBJC_WEAK = YES;
				CLANG_WARN_BLOCK_CAPTURE_AUTORELEASING = YES;
				CLANG_WARN_BOOL_CONVERSION = YES;
				CLANG_WARN_COMMA = YES;
				CLANG_WARN_CONSTANT_CONVERSION = YES;
				CLANG_WARN_DEPRECATED_OBJC_IMPLEMENTATIONS = YES;
				CLANG_WARN_DIRECT_OBJC_ISA_USAGE = YES_ERROR;
				CLANG_WARN_DOCUMENTATION_COMMENTS = YES;
				CLANG_WARN_EMPTY_BODY = YES;
				CLANG_WARN_ENUM_CONVERSION = YES;
				CLANG_WARN_INFINITE_RECURSION = YES;
				CLANG_WARN_INT_CONVERSION = YES;
				CLANG_WARN_NON_LITERAL_NULL_CONVERSION = YES;
				CLANG_WARN_OBJC_IMPLICIT_RETAIN_SELF = YES;
				CLANG_WARN_OBJC_LITERAL_CONVERSION = YES;
				CLANG_WARN_OBJC_ROOT_CLASS = YES_ERROR;
				CLANG_WARN_RANGE_LOOP_ANALYSIS = YES;
				CLANG_WARN_STRICT_PROTOTYPES = YES;
				CLANG_WARN_SUSPICIOUS_MOVE = YES;
				CLANG_WARN_UNGUARDED_AVAILABILITY = YES_AGGRESSIVE;
				CLANG_WARN_UNREACHABLE_CODE = YES;
				CLANG_WARN__DUPLICATE_METHOD_MATCH = YES;
				CODE_SIGN_IDENTITY = "iPhone Developer";
				COPY_PHASE_STRIP = NO;
				DEBUG_INFORMATION_FORMAT = dwarf;
				ENABLE_STRICT_OBJC_MSGSEND = YES;
				ENABLE_TESTABILITY = YES;
				GCC_C_LANGUAGE_STANDARD = gnu11;
				GCC_DYNAMIC_NO_PIC = NO;
				GCC_NO_COMMON_BLOCKS = YES;
				GCC_OPTIMIZATION_LEVEL = 0;
				GCC_PREPROCESSOR_DEFINITIONS = (
					"DEBUG=1",
					"$(inherited)",
				);
				GCC_WARN_64_TO_32_BIT_CONVERSION = YES;
				GCC_WARN_ABOUT_RETURN_TYPE = YES_ERROR;
				GCC_WARN_UNDECLARED_SELECTOR = YES;
				GCC_WARN_UNINITIALIZED_AUTOS = YES_AGGRESSIVE;
				GCC_WARN_UNUSED_FUNCTION = YES;
				GCC_WARN_UNUSED_VARIABLE = YES;
				IPHONEOS_DEPLOYMENT_TARGET = 11.4;
				MTL_ENABLE_DEBUG_INFO = YES;
				ONLY_ACTIVE_ARCH = YES;
				SDKROOT = iphoneos;
			};
			name = Debug;
		};
		B623EDBB210811020003E359 /* Release */ = {
			isa = XCBuildConfiguration;
			buildSettings = {
				ALWAYS_SEARCH_USER_PATHS = NO;
				CLANG_ANALYZER_NONNULL = YES;
				CLANG_ANALYZER_NUMBER_OBJECT_CONVERSION = YES_AGGRESSIVE;
				CLANG_CXX_LANGUAGE_STANDARD = "gnu++14";
				CLANG_CXX_LIBRARY = "libc++";
				CLANG_ENABLE_MODULES = YES;
				CLANG_ENABLE_OBJC_ARC = YES;
				CLANG_ENABLE_OBJC_WEAK = YES;
				CLANG_WARN_BLOCK_CAPTURE_AUTORELEASING = YES;
				CLANG_WARN_BOOL_CONVERSION = YES;
				CLANG_WARN_COMMA = YES;
				CLANG_WARN_CONSTANT_CONVERSION = YES;
				CLANG_WARN_DEPRECATED_OBJC_IMPLEMENTATIONS = YES;
				CLANG_WARN_DIRECT_OBJC_ISA_USAGE = YES_ERROR;
				CLANG_WARN_DOCUMENTATION_COMMENTS = YES;
				CLANG_WARN_EMPTY_BODY = YES;
				CLANG_WARN_ENUM_CONVERSION = YES;
				CLANG_WARN_INFINITE_RECURSION = YES;
				CLANG_WARN_INT_CONVERSION = YES;
				CLANG_WARN_NON_LITERAL_NULL_CONVERSION = YES;
				CLANG_WARN_OBJC_IMPLICIT_RETAIN_SELF = YES;
				CLANG_WARN_OBJC_LITERAL_CONVERSION = YES;
				CLANG_WARN_OBJC_ROOT_CLASS = YES_ERROR;
				CLANG_WARN_RANGE_LOOP_ANALYSIS = YES;
				CLANG_WARN_STRICT_PROTOTYPES = YES;
				CLANG_WARN_SUSPICIOUS_MOVE = YES;
				CLANG_WARN_UNGUARDED_AVAILABILITY = YES_AGGRESSIVE;
				CLANG_WARN_UNREACHABLE_CODE = YES;
				CLANG_WARN__DUPLICATE_METHOD_MATCH = YES;
				CODE_SIGN_IDENTITY = "iPhone Developer";
				COPY_PHASE_STRIP = NO;
				DEBUG_INFORMATION_FORMAT = "dwarf-with-dsym";
				ENABLE_NS_ASSERTIONS = NO;
				ENABLE_STRICT_OBJC_MSGSEND = YES;
				GCC_C_LANGUAGE_STANDARD = gnu11;
				GCC_NO_COMMON_BLOCKS = YES;
				GCC_WARN_64_TO_32_BIT_CONVERSION = YES;
				GCC_WARN_ABOUT_RETURN_TYPE = YES_ERROR;
				GCC_WARN_UNDECLARED_SELECTOR = YES;
				GCC_WARN_UNINITIALIZED_AUTOS = YES_AGGRESSIVE;
				GCC_WARN_UNUSED_FUNCTION = YES;
				GCC_WARN_UNUSED_VARIABLE = YES;
				IPHONEOS_DEPLOYMENT_TARGET = 11.4;
				MTL_ENABLE_DEBUG_INFO = NO;
				SDKROOT = iphoneos;
				VALIDATE_PRODUCT = YES;
			};
			name = Release;
		};
		B623EDBD210811020003E359 /* Debug */ = {
			isa = XCBuildConfiguration;
			buildSettings = {
				ASSETCATALOG_COMPILER_APPICON_NAME = AppIcon;
				CODE_SIGN_STYLE = Automatic;
				DEVELOPMENT_TEAM = PKK87S6JNY;
				INFOPLIST_FILE = "$(SRCROOT)/MovieSearchC/Resources/Info.plist";
				LD_RUNPATH_SEARCH_PATHS = (
					"$(inherited)",
					"@executable_path/Frameworks",
				);
				PRODUCT_BUNDLE_IDENTIFIER = com.zachfrew.MovieSearchC;
				PRODUCT_NAME = "$(TARGET_NAME)";
				TARGETED_DEVICE_FAMILY = "1,2";
			};
			name = Debug;
		};
		B623EDBE210811020003E359 /* Release */ = {
			isa = XCBuildConfiguration;
			buildSettings = {
				ASSETCATALOG_COMPILER_APPICON_NAME = AppIcon;
				CODE_SIGN_STYLE = Automatic;
				DEVELOPMENT_TEAM = PKK87S6JNY;
				INFOPLIST_FILE = "$(SRCROOT)/MovieSearchC/Resources/Info.plist";
				LD_RUNPATH_SEARCH_PATHS = (
					"$(inherited)",
					"@executable_path/Frameworks",
				);
				PRODUCT_BUNDLE_IDENTIFIER = com.zachfrew.MovieSearchC;
				PRODUCT_NAME = "$(TARGET_NAME)";
				TARGETED_DEVICE_FAMILY = "1,2";
			};
			name = Release;
		};
/* End XCBuildConfiguration section */

/* Begin XCConfigurationList section */
		B623EDA1210811010003E359 /* Build configuration list for PBXProject "MovieSearchC" */ = {
			isa = XCConfigurationList;
			buildConfigurations = (
				B623EDBA210811020003E359 /* Debug */,
				B623EDBB210811020003E359 /* Release */,
			);
			defaultConfigurationIsVisible = 0;
			defaultConfigurationName = Release;
		};
		B623EDBC210811020003E359 /* Build configuration list for PBXNativeTarget "MovieSearchC" */ = {
			isa = XCConfigurationList;
			buildConfigurations = (
				B623EDBD210811020003E359 /* Debug */,
				B623EDBE210811020003E359 /* Release */,
			);
			defaultConfigurationIsVisible = 0;
			defaultConfigurationName = Release;
		};
/* End XCConfigurationList section */
	};
	rootObject = B623ED9E210811010003E359 /* Project object */;
}
